
Microsoft Visual Studio Solution File, Format Version 12.00
# Visual Studio 15
Project("{FAE04EC0-301F-11D3-BF4B-00C04F79EFBC}") = "Assembly-CSharp-Editor", "Assembly-CSharp-Editor.csproj", "{8FAC030A-9C17-8E52-20DD-221EED58CC0D}"
EndProject
Project("{FAE04EC0-301F-11D3-BF4B-00C04F79EFBC}") = "Coffee.UIParticle", "Coffee.UIParticle.csproj", "{C2282050-2F14-4CE5-7EF6-1B5E8EB1EE33}"
EndProject
Project("{FAE04EC0-301F-11D3-BF4B-00C04F79EFBC}") = "Assembly-CSharp", "Assembly-CSharp.csproj", "{44E1780E-F4FC-CF92-3FDC-3EBBBE8B2752}"
EndProject
Project("{FAE04EC0-301F-11D3-BF4B-00C04F79EFBC}") = "Coffee.UIParticle.Editor", "Coffee.UIParticle.Editor.csproj", "{10C84957-8412-2F9D-F6A7-67CE80236BA2}"
EndProject
Global
	GlobalSection(SolutionConfigurationPlatforms) = preSolution
		Debug|Any CPU = Debug|Any CPU
		Release|Any CPU = Release|Any CPU
	EndGlobalSection
	GlobalSection(ProjectConfigurationPlatforms) = postSolution
		{8FAC030A-9C17-8E52-20DD-221EED58CC0D}.Debug|Any CPU.ActiveCfg = Debug|Any CPU
		{8FAC030A-9C17-8E52-20DD-221EED58CC0D}.Debug|Any CPU.Build.0 = Debug|Any CPU
		{8FAC030A-9C17-8E52-20DD-221EED58CC0D}.Release|Any CPU.ActiveCfg = Release|Any CPU
		{8FAC030A-9C17-8E52-20DD-221EED58CC0D}.Release|Any CPU.Build.0 = Release|Any CPU
		{C2282050-2F14-4CE5-7EF6-1B5E8EB1EE33}.Debug|Any CPU.ActiveCfg = Debug|Any CPU
		{C2282050-2F14-4CE5-7EF6-1B5E8EB1EE33}.Debug|Any CPU.Build.0 = Debug|Any CPU
		{C2282050-2F14-4CE5-7EF6-1B5E8EB1EE33}.Release|Any CPU.ActiveCfg = Release|Any CPU
		{C2282050-2F14-4CE5-7EF6-1B5E8EB1EE33}.Release|Any CPU.Build.0 = Release|Any CPU
		{44E1780E-F4FC-CF92-3FDC-3EBBBE8B2752}.Debug|Any CPU.ActiveCfg = Debug|Any CPU
		{44E1780E-F4FC-CF92-3FDC-3EBBBE8B2752}.Debug|Any CPU.Build.0 = Debug|Any CPU
		{44E1780E-F4FC-CF92-3FDC-3EBBBE8B2752}.Release|Any CPU.ActiveCfg = Release|Any CPU
		{44E1780E-F4FC-CF92-3FDC-3EBBBE8B2752}.Release|Any CPU.Build.0 = Release|Any CPU
		{10C84957-8412-2F9D-F6A7-67CE80236BA2}.Debug|Any CPU.ActiveCfg = Debug|Any CPU
		{10C84957-8412-2F9D-F6A7-67CE80236BA2}.Debug|Any CPU.Build.0 = Debug|Any CPU
		{10C84957-8412-2F9D-F6A7-67CE80236BA2}.Release|Any CPU.ActiveCfg = Release|Any CPU
		{10C84957-8412-2F9D-F6A7-67CE80236BA2}.Release|Any CPU.Build.0 = Release|Any CPU
	EndGlobalSection
	GlobalSection(SolutionProperties) = preSolution
		HideSolutionNode = FALSE
	EndGlobalSection
EndGlobal
